// !$*UTF8*$!
{
	archiveVersion = 1;
	classes = {
	};
	objectVersion = 56;
	objects = {

/* Begin PBXBuildFile section */
		260056B42A36EF1700CFF9D0 /* GyroCell.swift in Sources */ = {isa = PBXBuildFile; fileRef = 260056B32A36EF1700CFF9D0 /* GyroCell.swift */; };
		261B4AAC2A3AE3DF00F06D4D /* GyroInfo.xcdatamodeld in Sources */ = {isa = PBXBuildFile; fileRef = 261B4AAA2A3AE3DF00F06D4D /* GyroInfo.xcdatamodeld */; };
		261B4AAF2A3AE4A400F06D4D /* GyroInfo+CoreDataClass.swift in Sources */ = {isa = PBXBuildFile; fileRef = 261B4AAD2A3AE4A400F06D4D /* GyroInfo+CoreDataClass.swift */; };
		261B4AB02A3AE4A400F06D4D /* GyroInfo+CoreDataProperties.swift in Sources */ = {isa = PBXBuildFile; fileRef = 261B4AAE2A3AE4A400F06D4D /* GyroInfo+CoreDataProperties.swift */; };
		261B4AB32A3AE8B900F06D4D /* CoreDataManager.swift in Sources */ = {isa = PBXBuildFile; fileRef = 261B4AB22A3AE8B900F06D4D /* CoreDataManager.swift */; };
		261B4AB92A3AF59D00F06D4D /* Gyro.swift in Sources */ = {isa = PBXBuildFile; fileRef = 261B4AB82A3AF59D00F06D4D /* Gyro.swift */; };
		261B4ABB2A3AFA6300F06D4D /* LocalFileURLs.swift in Sources */ = {isa = PBXBuildFile; fileRef = 261B4ABA2A3AFA6300F06D4D /* LocalFileURLs.swift */; };
		26BDBF972A37346A00385C5F /* GyroType.swift in Sources */ = {isa = PBXBuildFile; fileRef = 26BDBF962A37346A00385C5F /* GyroType.swift */; };
		26BDBF9B2A37352D00385C5F /* Date++Extension.swift in Sources */ = {isa = PBXBuildFile; fileRef = 26BDBF9A2A37352D00385C5F /* Date++Extension.swift */; };
		26BDBFA72A3738F400385C5F /* MainViewModel.swift in Sources */ = {isa = PBXBuildFile; fileRef = 26BDBFA62A3738F400385C5F /* MainViewModel.swift */; };
		26FDAF6D2A384A1300B1F37D /* MeasurementViewController.swift in Sources */ = {isa = PBXBuildFile; fileRef = 26FDAF6C2A384A1300B1F37D /* MeasurementViewController.swift */; };
		26FDAF6F2A384AC500B1F37D /* MeasurementViewModel.swift in Sources */ = {isa = PBXBuildFile; fileRef = 26FDAF6E2A384AC500B1F37D /* MeasurementViewModel.swift */; };
		26FDAF732A38546000B1F37D /* GraphView.swift in Sources */ = {isa = PBXBuildFile; fileRef = 26FDAF722A38546000B1F37D /* GraphView.swift */; };
		26FDAF752A385C6A00B1F37D /* GyroManager.swift in Sources */ = {isa = PBXBuildFile; fileRef = 26FDAF742A385C6A00B1F37D /* GyroManager.swift */; };
		63F01BB528D44FC400C53A39 /* AppDelegate.swift in Sources */ = {isa = PBXBuildFile; fileRef = 63F01BB428D44FC400C53A39 /* AppDelegate.swift */; };
		63F01BB728D44FC400C53A39 /* SceneDelegate.swift in Sources */ = {isa = PBXBuildFile; fileRef = 63F01BB628D44FC400C53A39 /* SceneDelegate.swift */; };
		63F01BB928D44FC400C53A39 /* MainViewController.swift in Sources */ = {isa = PBXBuildFile; fileRef = 63F01BB828D44FC400C53A39 /* MainViewController.swift */; };
		63F01BBE28D44FC500C53A39 /* Assets.xcassets in Resources */ = {isa = PBXBuildFile; fileRef = 63F01BBD28D44FC500C53A39 /* Assets.xcassets */; };
		63F01BC128D44FC500C53A39 /* LaunchScreen.storyboard in Resources */ = {isa = PBXBuildFile; fileRef = 63F01BBF28D44FC500C53A39 /* LaunchScreen.storyboard */; };
/* End PBXBuildFile section */

/* Begin PBXFileReference section */
		260056B32A36EF1700CFF9D0 /* GyroCell.swift */ = {isa = PBXFileReference; lastKnownFileType = sourcecode.swift; path = GyroCell.swift; sourceTree = "<group>"; };
		261B4AAB2A3AE3DF00F06D4D /* GyroModel.xcdatamodel */ = {isa = PBXFileReference; lastKnownFileType = wrapper.xcdatamodel; path = GyroModel.xcdatamodel; sourceTree = "<group>"; };
		261B4AAD2A3AE4A400F06D4D /* GyroInfo+CoreDataClass.swift */ = {isa = PBXFileReference; lastKnownFileType = sourcecode.swift; path = "GyroInfo+CoreDataClass.swift"; sourceTree = "<group>"; };
		261B4AAE2A3AE4A400F06D4D /* GyroInfo+CoreDataProperties.swift */ = {isa = PBXFileReference; lastKnownFileType = sourcecode.swift; path = "GyroInfo+CoreDataProperties.swift"; sourceTree = "<group>"; };
		261B4AB22A3AE8B900F06D4D /* CoreDataManager.swift */ = {isa = PBXFileReference; lastKnownFileType = sourcecode.swift; path = CoreDataManager.swift; sourceTree = "<group>"; };
		261B4AB82A3AF59D00F06D4D /* Gyro.swift */ = {isa = PBXFileReference; lastKnownFileType = sourcecode.swift; path = Gyro.swift; sourceTree = "<group>"; };
		261B4ABA2A3AFA6300F06D4D /* LocalFileURLs.swift */ = {isa = PBXFileReference; lastKnownFileType = sourcecode.swift; path = LocalFileURLs.swift; sourceTree = "<group>"; };
		26BDBF962A37346A00385C5F /* GyroType.swift */ = {isa = PBXFileReference; lastKnownFileType = sourcecode.swift; path = GyroType.swift; sourceTree = "<group>"; };
		26BDBF9A2A37352D00385C5F /* Date++Extension.swift */ = {isa = PBXFileReference; lastKnownFileType = sourcecode.swift; path = "Date++Extension.swift"; sourceTree = "<group>"; };
		26BDBFA62A3738F400385C5F /* MainViewModel.swift */ = {isa = PBXFileReference; lastKnownFileType = sourcecode.swift; path = MainViewModel.swift; sourceTree = "<group>"; };
		26FDAF6C2A384A1300B1F37D /* MeasurementViewController.swift */ = {isa = PBXFileReference; lastKnownFileType = sourcecode.swift; path = MeasurementViewController.swift; sourceTree = "<group>"; };
		26FDAF6E2A384AC500B1F37D /* MeasurementViewModel.swift */ = {isa = PBXFileReference; lastKnownFileType = sourcecode.swift; path = MeasurementViewModel.swift; sourceTree = "<group>"; };
		26FDAF722A38546000B1F37D /* GraphView.swift */ = {isa = PBXFileReference; lastKnownFileType = sourcecode.swift; path = GraphView.swift; sourceTree = "<group>"; };
		26FDAF742A385C6A00B1F37D /* GyroManager.swift */ = {isa = PBXFileReference; lastKnownFileType = sourcecode.swift; path = GyroManager.swift; sourceTree = "<group>"; };
		63F01BB128D44FC400C53A39 /* GyroData.app */ = {isa = PBXFileReference; explicitFileType = wrapper.application; includeInIndex = 0; path = GyroData.app; sourceTree = BUILT_PRODUCTS_DIR; };
		63F01BB428D44FC400C53A39 /* AppDelegate.swift */ = {isa = PBXFileReference; lastKnownFileType = sourcecode.swift; path = AppDelegate.swift; sourceTree = "<group>"; };
		63F01BB628D44FC400C53A39 /* SceneDelegate.swift */ = {isa = PBXFileReference; lastKnownFileType = sourcecode.swift; path = SceneDelegate.swift; sourceTree = "<group>"; };
		63F01BB828D44FC400C53A39 /* MainViewController.swift */ = {isa = PBXFileReference; lastKnownFileType = sourcecode.swift; path = MainViewController.swift; sourceTree = "<group>"; };
		63F01BBD28D44FC500C53A39 /* Assets.xcassets */ = {isa = PBXFileReference; lastKnownFileType = folder.assetcatalog; path = Assets.xcassets; sourceTree = "<group>"; };
		63F01BC028D44FC500C53A39 /* Base */ = {isa = PBXFileReference; lastKnownFileType = file.storyboard; name = Base; path = Base.lproj/LaunchScreen.storyboard; sourceTree = "<group>"; };
		63F01BC228D44FC500C53A39 /* Info.plist */ = {isa = PBXFileReference; lastKnownFileType = text.plist.xml; path = Info.plist; sourceTree = "<group>"; };
/* End PBXFileReference section */

/* Begin PBXFrameworksBuildPhase section */
		63F01BAE28D44FC400C53A39 /* Frameworks */ = {
			isa = PBXFrameworksBuildPhase;
			buildActionMask = 2147483647;
			files = (
			);
			runOnlyForDeploymentPostprocessing = 0;
		};
/* End PBXFrameworksBuildPhase section */

/* Begin PBXGroup section */
		261B4AB12A3AE4EC00F06D4D /* CoreData */ = {
			isa = PBXGroup;
			children = (
				261B4AAD2A3AE4A400F06D4D /* GyroInfo+CoreDataClass.swift */,
				261B4AAE2A3AE4A400F06D4D /* GyroInfo+CoreDataProperties.swift */,
				261B4AAA2A3AE3DF00F06D4D /* GyroInfo.xcdatamodeld */,
				261B4AB22A3AE8B900F06D4D /* CoreDataManager.swift */,
			);
			path = CoreData;
			sourceTree = "<group>";
		};
		26BDBF9C2A3735F500385C5F /* Resource */ = {
			isa = PBXGroup;
			children = (
				63F01BBF28D44FC500C53A39 /* LaunchScreen.storyboard */,
				63F01BBD28D44FC500C53A39 /* Assets.xcassets */,
			);
			path = Resource;
			sourceTree = "<group>";
		};
		26BDBF9E2A37362C00385C5F /* Entities */ = {
			isa = PBXGroup;
			children = (
				26BDBF962A37346A00385C5F /* GyroType.swift */,
				261B4AB82A3AF59D00F06D4D /* Gyro.swift */,
			);
			path = Entities;
			sourceTree = "<group>";
		};
		26BDBF9F2A37367800385C5F /* Utility */ = {
			isa = PBXGroup;
			children = (
				26BDBF9A2A37352D00385C5F /* Date++Extension.swift */,
			);
			path = Utility;
			sourceTree = "<group>";
		};
		26BDBFA02A37368B00385C5F /* Application */ = {
			isa = PBXGroup;
			children = (
				63F01BB428D44FC400C53A39 /* AppDelegate.swift */,
				63F01BB628D44FC400C53A39 /* SceneDelegate.swift */,
			);
			path = Application;
			sourceTree = "<group>";
		};
		26BDBFA12A3736A900385C5F /* Domain */ = {
			isa = PBXGroup;
			children = (
				261B4AB12A3AE4EC00F06D4D /* CoreData */,
				26FDAF742A385C6A00B1F37D /* GyroManager.swift */,
				261B4ABA2A3AFA6300F06D4D /* LocalFileURLs.swift */,
			);
			path = Domain;
			sourceTree = "<group>";
		};
		26BDBFA22A3736AF00385C5F /* Presentation */ = {
			isa = PBXGroup;
			children = (
				26FDAF692A38497E00B1F37D /* MeasurementScene */,
				26BDBFA32A3736B900385C5F /* MainScene */,
			);
			path = Presentation;
			sourceTree = "<group>";
		};
		26BDBFA32A3736B900385C5F /* MainScene */ = {
			isa = PBXGroup;
			children = (
				26BDBFA52A3736C600385C5F /* ViewModel */,
				26BDBFA42A3736BF00385C5F /* View */,
			);
			path = MainScene;
			sourceTree = "<group>";
		};
		26BDBFA42A3736BF00385C5F /* View */ = {
			isa = PBXGroup;
			children = (
				63F01BB828D44FC400C53A39 /* MainViewController.swift */,
				260056B32A36EF1700CFF9D0 /* GyroCell.swift */,
			);
			path = View;
			sourceTree = "<group>";
		};
		26BDBFA52A3736C600385C5F /* ViewModel */ = {
			isa = PBXGroup;
			children = (
				26BDBFA62A3738F400385C5F /* MainViewModel.swift */,
			);
			path = ViewModel;
			sourceTree = "<group>";
		};
		26FDAF692A38497E00B1F37D /* MeasurementScene */ = {
			isa = PBXGroup;
			children = (
				26FDAF6A2A3849F000B1F37D /* ViewModel */,
				26FDAF6B2A3849F600B1F37D /* View */,
			);
			path = MeasurementScene;
			sourceTree = "<group>";
		};
		26FDAF6A2A3849F000B1F37D /* ViewModel */ = {
			isa = PBXGroup;
			children = (
				26FDAF6E2A384AC500B1F37D /* MeasurementViewModel.swift */,
			);
			path = ViewModel;
			sourceTree = "<group>";
		};
		26FDAF6B2A3849F600B1F37D /* View */ = {
			isa = PBXGroup;
			children = (
				26FDAF6C2A384A1300B1F37D /* MeasurementViewController.swift */,
				26FDAF722A38546000B1F37D /* GraphView.swift */,
			);
			path = View;
			sourceTree = "<group>";
		};
		63F01BA828D44FC400C53A39 = {
			isa = PBXGroup;
			children = (
				63F01BB328D44FC400C53A39 /* GyroData */,
				63F01BB228D44FC400C53A39 /* Products */,
			);
			sourceTree = "<group>";
		};
		63F01BB228D44FC400C53A39 /* Products */ = {
			isa = PBXGroup;
			children = (
				63F01BB128D44FC400C53A39 /* GyroData.app */,
			);
			name = Products;
			sourceTree = "<group>";
		};
		63F01BB328D44FC400C53A39 /* GyroData */ = {
			isa = PBXGroup;
			children = (
				26BDBFA22A3736AF00385C5F /* Presentation */,
				26BDBFA12A3736A900385C5F /* Domain */,
				26BDBF9E2A37362C00385C5F /* Entities */,
				26BDBF9F2A37367800385C5F /* Utility */,
				26BDBFA02A37368B00385C5F /* Application */,
				26BDBF9C2A3735F500385C5F /* Resource */,
				63F01BC228D44FC500C53A39 /* Info.plist */,
			);
			path = GyroData;
			sourceTree = "<group>";
		};
/* End PBXGroup section */

/* Begin PBXNativeTarget section */
		63F01BB028D44FC400C53A39 /* GyroData */ = {
			isa = PBXNativeTarget;
			buildConfigurationList = 63F01BC528D44FC500C53A39 /* Build configuration list for PBXNativeTarget "GyroData" */;
			buildPhases = (
				63F01BAD28D44FC400C53A39 /* Sources */,
				63F01BAE28D44FC400C53A39 /* Frameworks */,
				63F01BAF28D44FC400C53A39 /* Resources */,
			);
			buildRules = (
			);
			dependencies = (
			);
			name = GyroData;
			productName = GyroData;
			productReference = 63F01BB128D44FC400C53A39 /* GyroData.app */;
			productType = "com.apple.product-type.application";
		};
/* End PBXNativeTarget section */

/* Begin PBXProject section */
		63F01BA928D44FC400C53A39 /* Project object */ = {
			isa = PBXProject;
			attributes = {
				BuildIndependentTargetsInParallel = 1;
				LastSwiftUpdateCheck = 1400;
				LastUpgradeCheck = 1400;
				TargetAttributes = {
					63F01BB028D44FC400C53A39 = {
						CreatedOnToolsVersion = 14.0;
					};
				};
			};
			buildConfigurationList = 63F01BAC28D44FC400C53A39 /* Build configuration list for PBXProject "GyroData" */;
			compatibilityVersion = "Xcode 14.0";
			developmentRegion = en;
			hasScannedForEncodings = 0;
			knownRegions = (
				en,
				Base,
			);
			mainGroup = 63F01BA828D44FC400C53A39;
			productRefGroup = 63F01BB228D44FC400C53A39 /* Products */;
			projectDirPath = "";
			projectRoot = "";
			targets = (
				63F01BB028D44FC400C53A39 /* GyroData */,
			);
		};
/* End PBXProject section */

/* Begin PBXResourcesBuildPhase section */
		63F01BAF28D44FC400C53A39 /* Resources */ = {
			isa = PBXResourcesBuildPhase;
			buildActionMask = 2147483647;
			files = (
				63F01BC128D44FC500C53A39 /* LaunchScreen.storyboard in Resources */,
				63F01BBE28D44FC500C53A39 /* Assets.xcassets in Resources */,
			);
			runOnlyForDeploymentPostprocessing = 0;
		};
/* End PBXResourcesBuildPhase section */

/* Begin PBXSourcesBuildPhase section */
		63F01BAD28D44FC400C53A39 /* Sources */ = {
			isa = PBXSourcesBuildPhase;
			buildActionMask = 2147483647;
			files = (
				261B4AB92A3AF59D00F06D4D /* Gyro.swift in Sources */,
				261B4ABB2A3AFA6300F06D4D /* LocalFileURLs.swift in Sources */,
				26BDBF972A37346A00385C5F /* GyroType.swift in Sources */,
				63F01BB928D44FC400C53A39 /* MainViewController.swift in Sources */,
				26FDAF6D2A384A1300B1F37D /* MeasurementViewController.swift in Sources */,
				26FDAF732A38546000B1F37D /* GraphView.swift in Sources */,
				261B4AB02A3AE4A400F06D4D /* GyroInfo+CoreDataProperties.swift in Sources */,
				26FDAF752A385C6A00B1F37D /* GyroManager.swift in Sources */,
				63F01BB528D44FC400C53A39 /* AppDelegate.swift in Sources */,
				261B4AAF2A3AE4A400F06D4D /* GyroInfo+CoreDataClass.swift in Sources */,
				260056B42A36EF1700CFF9D0 /* GyroCell.swift in Sources */,
				26BDBF9B2A37352D00385C5F /* Date++Extension.swift in Sources */,
				63F01BB728D44FC400C53A39 /* SceneDelegate.swift in Sources */,
				26BDBFA72A3738F400385C5F /* MainViewModel.swift in Sources */,
				26FDAF6F2A384AC500B1F37D /* MeasurementViewModel.swift in Sources */,
				261B4AB32A3AE8B900F06D4D /* CoreDataManager.swift in Sources */,
				261B4AAC2A3AE3DF00F06D4D /* GyroInfo.xcdatamodeld in Sources */,
			);
			runOnlyForDeploymentPostprocessing = 0;
		};
/* End PBXSourcesBuildPhase section */

/* Begin PBXVariantGroup section */
		63F01BBF28D44FC500C53A39 /* LaunchScreen.storyboard */ = {
			isa = PBXVariantGroup;
			children = (
				63F01BC028D44FC500C53A39 /* Base */,
			);
			name = LaunchScreen.storyboard;
			sourceTree = "<group>";
		};
/* End PBXVariantGroup section */

/* Begin XCBuildConfiguration section */
		63F01BC328D44FC500C53A39 /* Debug */ = {
			isa = XCBuildConfiguration;
			buildSettings = {
				ALWAYS_SEARCH_USER_PATHS = NO;
				CLANG_ANALYZER_NONNULL = YES;
				CLANG_ANALYZER_NUMBER_OBJECT_CONVERSION = YES_AGGRESSIVE;
				CLANG_CXX_LANGUAGE_STANDARD = "gnu++20";
				CLANG_ENABLE_MODULES = YES;
				CLANG_ENABLE_OBJC_ARC = YES;
				CLANG_ENABLE_OBJC_WEAK = YES;
				CLANG_WARN_BLOCK_CAPTURE_AUTORELEASING = YES;
				CLANG_WARN_BOOL_CONVERSION = YES;
				CLANG_WARN_COMMA = YES;
				CLANG_WARN_CONSTANT_CONVERSION = YES;
				CLANG_WARN_DEPRECATED_OBJC_IMPLEMENTATIONS = YES;
				CLANG_WARN_DIRECT_OBJC_ISA_USAGE = YES_ERROR;
				CLANG_WARN_DOCUMENTATION_COMMENTS = YES;
				CLANG_WARN_EMPTY_BODY = YES;
				CLANG_WARN_ENUM_CONVERSION = YES;
				CLANG_WARN_INFINITE_RECURSION = YES;
				CLANG_WARN_INT_CONVERSION = YES;
				CLANG_WARN_NON_LITERAL_NULL_CONVERSION = YES;
				CLANG_WARN_OBJC_IMPLICIT_RETAIN_SELF = YES;
				CLANG_WARN_OBJC_LITERAL_CONVERSION = YES;
				CLANG_WARN_OBJC_ROOT_CLASS = YES_ERROR;
				CLANG_WARN_QUOTED_INCLUDE_IN_FRAMEWORK_HEADER = YES;
				CLANG_WARN_RANGE_LOOP_ANALYSIS = YES;
				CLANG_WARN_STRICT_PROTOTYPES = YES;
				CLANG_WARN_SUSPICIOUS_MOVE = YES;
				CLANG_WARN_UNGUARDED_AVAILABILITY = YES_AGGRESSIVE;
				CLANG_WARN_UNREACHABLE_CODE = YES;
				CLANG_WARN__DUPLICATE_METHOD_MATCH = YES;
				COPY_PHASE_STRIP = NO;
				DEBUG_INFORMATION_FORMAT = dwarf;
				ENABLE_STRICT_OBJC_MSGSEND = YES;
				ENABLE_TESTABILITY = YES;
				GCC_C_LANGUAGE_STANDARD = gnu11;
				GCC_DYNAMIC_NO_PIC = NO;
				GCC_NO_COMMON_BLOCKS = YES;
				GCC_OPTIMIZATION_LEVEL = 0;
				GCC_PREPROCESSOR_DEFINITIONS = (
					"DEBUG=1",
					"$(inherited)",
				);
				GCC_WARN_64_TO_32_BIT_CONVERSION = YES;
				GCC_WARN_ABOUT_RETURN_TYPE = YES_ERROR;
				GCC_WARN_UNDECLARED_SELECTOR = YES;
				GCC_WARN_UNINITIALIZED_AUTOS = YES_AGGRESSIVE;
				GCC_WARN_UNUSED_FUNCTION = YES;
				GCC_WARN_UNUSED_VARIABLE = YES;
				IPHONEOS_DEPLOYMENT_TARGET = 16.0;
				MTL_ENABLE_DEBUG_INFO = INCLUDE_SOURCE;
				MTL_FAST_MATH = YES;
				ONLY_ACTIVE_ARCH = YES;
				SDKROOT = iphoneos;
				SWIFT_ACTIVE_COMPILATION_CONDITIONS = DEBUG;
				SWIFT_OPTIMIZATION_LEVEL = "-Onone";
			};
			name = Debug;
		};
		63F01BC428D44FC500C53A39 /* Release */ = {
			isa = XCBuildConfiguration;
			buildSettings = {
				ALWAYS_SEARCH_USER_PATHS = NO;
				CLANG_ANALYZER_NONNULL = YES;
				CLANG_ANALYZER_NUMBER_OBJECT_CONVERSION = YES_AGGRESSIVE;
				CLANG_CXX_LANGUAGE_STANDARD = "gnu++20";
				CLANG_ENABLE_MODULES = YES;
				CLANG_ENABLE_OBJC_ARC = YES;
				CLANG_ENABLE_OBJC_WEAK = YES;
				CLANG_WARN_BLOCK_CAPTURE_AUTORELEASING = YES;
				CLANG_WARN_BOOL_CONVERSION = YES;
				CLANG_WARN_COMMA = YES;
				CLANG_WARN_CONSTANT_CONVERSION = YES;
				CLANG_WARN_DEPRECATED_OBJC_IMPLEMENTATIONS = YES;
				CLANG_WARN_DIRECT_OBJC_ISA_USAGE = YES_ERROR;
				CLANG_WARN_DOCUMENTATION_COMMENTS = YES;
				CLANG_WARN_EMPTY_BODY = YES;
				CLANG_WARN_ENUM_CONVERSION = YES;
				CLANG_WARN_INFINITE_RECURSION = YES;
				CLANG_WARN_INT_CONVERSION = YES;
				CLANG_WARN_NON_LITERAL_NULL_CONVERSION = YES;
				CLANG_WARN_OBJC_IMPLICIT_RETAIN_SELF = YES;
				CLANG_WARN_OBJC_LITERAL_CONVERSION = YES;
				CLANG_WARN_OBJC_ROOT_CLASS = YES_ERROR;
				CLANG_WARN_QUOTED_INCLUDE_IN_FRAMEWORK_HEADER = YES;
				CLANG_WARN_RANGE_LOOP_ANALYSIS = YES;
				CLANG_WARN_STRICT_PROTOTYPES = YES;
				CLANG_WARN_SUSPICIOUS_MOVE = YES;
				CLANG_WARN_UNGUARDED_AVAILABILITY = YES_AGGRESSIVE;
				CLANG_WARN_UNREACHABLE_CODE = YES;
				CLANG_WARN__DUPLICATE_METHOD_MATCH = YES;
				COPY_PHASE_STRIP = NO;
				DEBUG_INFORMATION_FORMAT = "dwarf-with-dsym";
				ENABLE_NS_ASSERTIONS = NO;
				ENABLE_STRICT_OBJC_MSGSEND = YES;
				GCC_C_LANGUAGE_STANDARD = gnu11;
				GCC_NO_COMMON_BLOCKS = YES;
				GCC_WARN_64_TO_32_BIT_CONVERSION = YES;
				GCC_WARN_ABOUT_RETURN_TYPE = YES_ERROR;
				GCC_WARN_UNDECLARED_SELECTOR = YES;
				GCC_WARN_UNINITIALIZED_AUTOS = YES_AGGRESSIVE;
				GCC_WARN_UNUSED_FUNCTION = YES;
				GCC_WARN_UNUSED_VARIABLE = YES;
				IPHONEOS_DEPLOYMENT_TARGET = 16.0;
				MTL_ENABLE_DEBUG_INFO = NO;
				MTL_FAST_MATH = YES;
				SDKROOT = iphoneos;
				SWIFT_COMPILATION_MODE = wholemodule;
				SWIFT_OPTIMIZATION_LEVEL = "-O";
				VALIDATE_PRODUCT = YES;
			};
			name = Release;
		};
		63F01BC628D44FC500C53A39 /* Debug */ = {
			isa = XCBuildConfiguration;
			buildSettings = {
				ASSETCATALOG_COMPILER_APPICON_NAME = AppIcon;
				ASSETCATALOG_COMPILER_GLOBAL_ACCENT_COLOR_NAME = AccentColor;
				CODE_SIGN_STYLE = Automatic;
				CURRENT_PROJECT_VERSION = 1;
				DEVELOPMENT_TEAM = 58JZ3489C7;
				GENERATE_INFOPLIST_FILE = YES;
				INFOPLIST_FILE = GyroData/Info.plist;
				INFOPLIST_KEY_UIApplicationSupportsIndirectInputEvents = YES;
				INFOPLIST_KEY_UILaunchStoryboardName = LaunchScreen;
				INFOPLIST_KEY_UISupportedInterfaceOrientations_iPad = "UIInterfaceOrientationPortrait UIInterfaceOrientationPortraitUpsideDown UIInterfaceOrientationLandscapeLeft UIInterfaceOrientationLandscapeRight";
				INFOPLIST_KEY_UISupportedInterfaceOrientations_iPhone = "UIInterfaceOrientationPortrait UIInterfaceOrientationLandscapeLeft UIInterfaceOrientationLandscapeRight";
				IPHONEOS_DEPLOYMENT_TARGET = 14.0;
				LD_RUNPATH_SEARCH_PATHS = (
					"$(inherited)",
					"@executable_path/Frameworks",
				);
				MARKETING_VERSION = 1.0;
				PRODUCT_BUNDLE_IDENTIFIER = com.minsu.GyroData;
				PRODUCT_NAME = "$(TARGET_NAME)";
				SWIFT_EMIT_LOC_STRINGS = YES;
				SWIFT_VERSION = 5.0;
				TARGETED_DEVICE_FAMILY = "1,2";
			};
			name = Debug;
		};
		63F01BC728D44FC500C53A39 /* Release */ = {
			isa = XCBuildConfiguration;
			buildSettings = {
				ASSETCATALOG_COMPILER_APPICON_NAME = AppIcon;
				ASSETCATALOG_COMPILER_GLOBAL_ACCENT_COLOR_NAME = AccentColor;
				CODE_SIGN_STYLE = Automatic;
				CURRENT_PROJECT_VERSION = 1;
				DEVELOPMENT_TEAM = 58JZ3489C7;
				GENERATE_INFOPLIST_FILE = YES;
				INFOPLIST_FILE = GyroData/Info.plist;
				INFOPLIST_KEY_UIApplicationSupportsIndirectInputEvents = YES;
				INFOPLIST_KEY_UILaunchStoryboardName = LaunchScreen;
				INFOPLIST_KEY_UISupportedInterfaceOrientations_iPad = "UIInterfaceOrientationPortrait UIInterfaceOrientationPortraitUpsideDown UIInterfaceOrientationLandscapeLeft UIInterfaceOrientationLandscapeRight";
				INFOPLIST_KEY_UISupportedInterfaceOrientations_iPhone = "UIInterfaceOrientationPortrait UIInterfaceOrientationLandscapeLeft UIInterfaceOrientationLandscapeRight";
				IPHONEOS_DEPLOYMENT_TARGET = 14.0;
				LD_RUNPATH_SEARCH_PATHS = (
					"$(inherited)",
					"@executable_path/Frameworks",
				);
				MARKETING_VERSION = 1.0;
				PRODUCT_BUNDLE_IDENTIFIER = com.minsu.GyroData;
				PRODUCT_NAME = "$(TARGET_NAME)";
				SWIFT_EMIT_LOC_STRINGS = YES;
				SWIFT_VERSION = 5.0;
				TARGETED_DEVICE_FAMILY = "1,2";
			};
			name = Release;
		};
/* End XCBuildConfiguration section */

/* Begin XCConfigurationList section */
		63F01BAC28D44FC400C53A39 /* Build configuration list for PBXProject "GyroData" */ = {
			isa = XCConfigurationList;
			buildConfigurations = (
				63F01BC328D44FC500C53A39 /* Debug */,
				63F01BC428D44FC500C53A39 /* Release */,
			);
			defaultConfigurationIsVisible = 0;
			defaultConfigurationName = Release;
		};
		63F01BC528D44FC500C53A39 /* Build configuration list for PBXNativeTarget "GyroData" */ = {
			isa = XCConfigurationList;
			buildConfigurations = (
				63F01BC628D44FC500C53A39 /* Debug */,
				63F01BC728D44FC500C53A39 /* Release */,
			);
			defaultConfigurationIsVisible = 0;
			defaultConfigurationName = Release;
		};
/* End XCConfigurationList section */

/* Begin XCVersionGroup section */
		261B4AAA2A3AE3DF00F06D4D /* GyroInfo.xcdatamodeld */ = {
			isa = XCVersionGroup;
			children = (
				261B4AAB2A3AE3DF00F06D4D /* GyroModel.xcdatamodel */,
			);
			currentVersion = 261B4AAB2A3AE3DF00F06D4D /* GyroModel.xcdatamodel */;
			path = GyroInfo.xcdatamodeld;
			sourceTree = "<group>";
			versionGroupType = wrapper.xcdatamodel;
		};
/* End XCVersionGroup section */
	};
	rootObject = 63F01BA928D44FC400C53A39 /* Project object */;
}
